
Microsoft Visual Studio Solution File, Format Version 12.00
# Visual Studio Version 17
VisualStudioVersion = 17.4.33205.214
MinimumVisualStudioVersion = 10.0.40219.1
Project("{9A19103F-16F7-4668-BE54-9A1E7A4F7556}") = "AdsWithLoginApr19", "Homework Apr 19 Ads with Login\AdsWithLoginApr19.csproj", "{5001E1CA-52A3-4C09-B1E1-E6C5D7D17FF3}"
EndProject
Project("{9A19103F-16F7-4668-BE54-9A1E7A4F7556}") = "AdWithLogin-data", "AdWithLogin-data\AdWithLogin-data.csproj", "{4F9551CB-7DAD-49D6-A6B7-A5C5CE565F53}"
EndProject
Global
	GlobalSection(SolutionConfigurationPlatforms) = preSolution
		Debug|Any CPU = Debug|Any CPU
		Release|Any CPU = Release|Any CPU
	EndGlobalSection
	GlobalSection(ProjectConfigurationPlatforms) = postSolution
		{5001E1CA-52A3-4C09-B1E1-E6C5D7D17FF3}.Debug|Any CPU.ActiveCfg = Debug|Any CPU
		{5001E1CA-52A3-4C09-B1E1-E6C5D7D17FF3}.Debug|Any CPU.Build.0 = Debug|Any CPU
		{5001E1CA-52A3-4C09-B1E1-E6C5D7D17FF3}.Release|Any CPU.ActiveCfg = Release|Any CPU
		{5001E1CA-52A3-4C09-B1E1-E6C5D7D17FF3}.Release|Any CPU.Build.0 = Release|Any CPU
		{4F9551CB-7DAD-49D6-A6B7-A5C5CE565F53}.Debug|Any CPU.ActiveCfg = Debug|Any CPU
		{4F9551CB-7DAD-49D6-A6B7-A5C5CE565F53}.Debug|Any CPU.Build.0 = Debug|Any CPU
		{4F9551CB-7DAD-49D6-A6B7-A5C5CE565F53}.Release|Any CPU.ActiveCfg = Release|Any CPU
		{4F9551CB-7DAD-49D6-A6B7-A5C5CE565F53}.Release|Any CPU.Build.0 = Release|Any CPU
	EndGlobalSection
	GlobalSection(SolutionProperties) = preSolution
		HideSolutionNode = FALSE
	EndGlobalSection
	GlobalSection(ExtensibilityGlobals) = postSolution
		SolutionGuid = {CBADC057-947E-48DA-8360-DDEC467B96C1}
	EndGlobalSection
EndGlobal
